
Microsoft Visual Studio Solution File, Format Version 12.00
# Visual Studio Version 16
VisualStudioVersion = 16.0.29920.165
MinimumVisualStudioVersion = 10.0.40219.1
Project("{9A19103F-16F7-4668-BE54-9A1E7A4F7556}") = "Scheduler.Contracts", "Scheduler.Contracts\Scheduler.Contracts.csproj", "{553BD544-96D2-4C0F-A0BA-1718014E98F6}"
EndProject
Project("{9A19103F-16F7-4668-BE54-9A1E7A4F7556}") = "Scheduler.Service", "Scheduler.Service\Scheduler.Service.csproj", "{6073CCD7-D695-41C3-A348-68752613CAD6}"
EndProject
Project("{FAE04EC0-301F-11D3-BF4B-00C04F79EFBC}") = "Scheduler.DataBase", "Scheduler.DataBase\Scheduler.DataBase.csproj", "{9A9A187C-C6C8-493D-880A-4A387A5E14F2}"
EndProject
Project("{FAE04EC0-301F-11D3-BF4B-00C04F79EFBC}") = "Scheduler.ApiClient", "Scheduler.ApiClient\Scheduler.ApiClient.csproj", "{7891D943-D917-408C-8895-6F74C11E7A75}"
EndProject
Global
	GlobalSection(SolutionConfigurationPlatforms) = preSolution
		Debug|Any CPU = Debug|Any CPU
		Release|Any CPU = Release|Any CPU
	EndGlobalSection
	GlobalSection(ProjectConfigurationPlatforms) = postSolution
		{553BD544-96D2-4C0F-A0BA-1718014E98F6}.Debug|Any CPU.ActiveCfg = Debug|Any CPU
		{553BD544-96D2-4C0F-A0BA-1718014E98F6}.Debug|Any CPU.Build.0 = Debug|Any CPU
		{553BD544-96D2-4C0F-A0BA-1718014E98F6}.Release|Any CPU.ActiveCfg = Release|Any CPU
		{553BD544-96D2-4C0F-A0BA-1718014E98F6}.Release|Any CPU.Build.0 = Release|Any CPU
		{6073CCD7-D695-41C3-A348-68752613CAD6}.Debug|Any CPU.ActiveCfg = Debug|Any CPU
		{6073CCD7-D695-41C3-A348-68752613CAD6}.Debug|Any CPU.Build.0 = Debug|Any CPU
		{6073CCD7-D695-41C3-A348-68752613CAD6}.Release|Any CPU.ActiveCfg = Release|Any CPU
		{6073CCD7-D695-41C3-A348-68752613CAD6}.Release|Any CPU.Build.0 = Release|Any CPU
		{9A9A187C-C6C8-493D-880A-4A387A5E14F2}.Debug|Any CPU.ActiveCfg = Debug|Any CPU
		{9A9A187C-C6C8-493D-880A-4A387A5E14F2}.Debug|Any CPU.Build.0 = Debug|Any CPU
		{9A9A187C-C6C8-493D-880A-4A387A5E14F2}.Release|Any CPU.ActiveCfg = Release|Any CPU
		{9A9A187C-C6C8-493D-880A-4A387A5E14F2}.Release|Any CPU.Build.0 = Release|Any CPU
		{7891D943-D917-408C-8895-6F74C11E7A75}.Debug|Any CPU.ActiveCfg = Debug|Any CPU
		{7891D943-D917-408C-8895-6F74C11E7A75}.Debug|Any CPU.Build.0 = Debug|Any CPU
		{7891D943-D917-408C-8895-6F74C11E7A75}.Release|Any CPU.ActiveCfg = Release|Any CPU
		{7891D943-D917-408C-8895-6F74C11E7A75}.Release|Any CPU.Build.0 = Release|Any CPU
	EndGlobalSection
	GlobalSection(SolutionProperties) = preSolution
		HideSolutionNode = FALSE
	EndGlobalSection
	GlobalSection(ExtensibilityGlobals) = postSolution
		SolutionGuid = {0E628DB3-4561-4239-AC9A-CECF56CB0496}
	EndGlobalSection
EndGlobal
